
Microsoft Visual Studio Solution File, Format Version 12.00
# Visual Studio Version 17
VisualStudioVersion = 17.3.32804.467
MinimumVisualStudioVersion = 10.0.40219.1
Project("{FAE04EC0-301F-11D3-BF4B-00C04F79EFBC}") = "Estoque", "Estoque\Estoque.csproj", "{C703D0F9-3868-4C15-8073-301D67A5D558}"
EndProject
Global
	GlobalSection(SolutionConfigurationPlatforms) = preSolution
		Debug|Any CPU = Debug|Any CPU
		Release|Any CPU = Release|Any CPU
	EndGlobalSection
	GlobalSection(ProjectConfigurationPlatforms) = postSolution
		{C703D0F9-3868-4C15-8073-301D67A5D558}.Debug|Any CPU.ActiveCfg = Debug|Any CPU
		{C703D0F9-3868-4C15-8073-301D67A5D558}.Debug|Any CPU.Build.0 = Debug|Any CPU
		{C703D0F9-3868-4C15-8073-301D67A5D558}.Release|Any CPU.ActiveCfg = Release|Any CPU
		{C703D0F9-3868-4C15-8073-301D67A5D558}.Release|Any CPU.Build.0 = Release|Any CPU
	EndGlobalSection
	GlobalSection(SolutionProperties) = preSolution
		HideSolutionNode = FALSE
	EndGlobalSection
	GlobalSection(ExtensibilityGlobals) = postSolution
		SolutionGuid = {35B3D6A3-D0BA-4A75-B0B1-C693A1301F43}
	EndGlobalSection
EndGlobal
